
Microsoft Visual Studio Solution File, Format Version 12.00
# Visual Studio Version 17
VisualStudioVersion = 17.0.31903.59
MinimumVisualStudioVersion = 10.0.40219.1
Project("{2150E333-8FDC-42A3-9474-1A3956D46DE8}") = "src", "src", "{827E0CD3-B72D-47B6-A68D-7590B98EB39B}"
EndProject
Project("{FAE04EC0-301F-11D3-BF4B-00C04F79EFBC}") = "Lazy.Photos.App", "src\Lazy.Photos.App\Lazy.Photos.App.csproj", "{CC8AD9C7-D7A4-44F1-BA00-07DD5E661B27}"
EndProject
Project("{FAE04EC0-301F-11D3-BF4B-00C04F79EFBC}") = "Lazy.Photos.Core", "src\Lazy.Photos.Core\Lazy.Photos.Core.csproj", "{6FD2CCD7-9361-4ED9-B478-4BEF9DCCA14C}"
EndProject
Project("{FAE04EC0-301F-11D3-BF4B-00C04F79EFBC}") = "Lazy.Photos.Data", "src\Lazy.Photos.Data\Lazy.Photos.Data.csproj", "{EEEEC848-A490-4D94-934E-43495444B016}"
EndProject
Project("{FAE04EC0-301F-11D3-BF4B-00C04F79EFBC}") = "LazyPhotos.API", "src\LazyPhotos.API\LazyPhotos.API.csproj", "{4B22BEDB-7D0C-45CA-ADF5-016B5E3229CA}"
EndProject
Project("{FAE04EC0-301F-11D3-BF4B-00C04F79EFBC}") = "LazyPhotos.Core", "src\LazyPhotos.Core\LazyPhotos.Core.csproj", "{DDC5C795-E650-4A7D-9020-C4EB99C32600}"
EndProject
Project("{FAE04EC0-301F-11D3-BF4B-00C04F79EFBC}") = "LazyPhotos.Infrastructure", "src\LazyPhotos.Infrastructure\LazyPhotos.Infrastructure.csproj", "{64754817-47FB-4E0F-BA12-8B7B21855A2C}"
EndProject
Project("{2150E333-8FDC-42A3-9474-1A3956D46DE8}") = "tests", "tests", "{0AB3BF05-4346-4AA6-1389-037BE0695223}"
EndProject
Project("{FAE04EC0-301F-11D3-BF4B-00C04F79EFBC}") = "LazyPhotos.Tests", "tests\LazyPhotos.Tests\LazyPhotos.Tests.csproj", "{CA2547DE-1020-4DCC-B0D0-AB336B5293DC}"
EndProject
Global
	GlobalSection(SolutionConfigurationPlatforms) = preSolution
		Debug|Any CPU = Debug|Any CPU
		Debug|x64 = Debug|x64
		Debug|x86 = Debug|x86
		Release|Any CPU = Release|Any CPU
		Release|x64 = Release|x64
		Release|x86 = Release|x86
	EndGlobalSection
	GlobalSection(ProjectConfigurationPlatforms) = postSolution
		{CC8AD9C7-D7A4-44F1-BA00-07DD5E661B27}.Debug|Any CPU.ActiveCfg = Debug|Any CPU
		{CC8AD9C7-D7A4-44F1-BA00-07DD5E661B27}.Debug|Any CPU.Build.0 = Debug|Any CPU
		{CC8AD9C7-D7A4-44F1-BA00-07DD5E661B27}.Debug|x64.ActiveCfg = Debug|Any CPU
		{CC8AD9C7-D7A4-44F1-BA00-07DD5E661B27}.Debug|x64.Build.0 = Debug|Any CPU
		{CC8AD9C7-D7A4-44F1-BA00-07DD5E661B27}.Debug|x86.ActiveCfg = Debug|Any CPU
		{CC8AD9C7-D7A4-44F1-BA00-07DD5E661B27}.Debug|x86.Build.0 = Debug|Any CPU
		{CC8AD9C7-D7A4-44F1-BA00-07DD5E661B27}.Release|Any CPU.ActiveCfg = Release|Any CPU
		{CC8AD9C7-D7A4-44F1-BA00-07DD5E661B27}.Release|Any CPU.Build.0 = Release|Any CPU
		{CC8AD9C7-D7A4-44F1-BA00-07DD5E661B27}.Release|x64.ActiveCfg = Release|Any CPU
		{CC8AD9C7-D7A4-44F1-BA00-07DD5E661B27}.Release|x64.Build.0 = Release|Any CPU
		{CC8AD9C7-D7A4-44F1-BA00-07DD5E661B27}.Release|x86.ActiveCfg = Release|Any CPU
		{CC8AD9C7-D7A4-44F1-BA00-07DD5E661B27}.Release|x86.Build.0 = Release|Any CPU
		{6FD2CCD7-9361-4ED9-B478-4BEF9DCCA14C}.Debug|Any CPU.ActiveCfg = Debug|Any CPU
		{6FD2CCD7-9361-4ED9-B478-4BEF9DCCA14C}.Debug|Any CPU.Build.0 = Debug|Any CPU
		{6FD2CCD7-9361-4ED9-B478-4BEF9DCCA14C}.Debug|x64.ActiveCfg = Debug|Any CPU
		{6FD2CCD7-9361-4ED9-B478-4BEF9DCCA14C}.Debug|x64.Build.0 = Debug|Any CPU
		{6FD2CCD7-9361-4ED9-B478-4BEF9DCCA14C}.Debug|x86.ActiveCfg = Debug|Any CPU
		{6FD2CCD7-9361-4ED9-B478-4BEF9DCCA14C}.Debug|x86.Build.0 = Debug|Any CPU
		{6FD2CCD7-9361-4ED9-B478-4BEF9DCCA14C}.Release|Any CPU.ActiveCfg = Release|Any CPU
		{6FD2CCD7-9361-4ED9-B478-4BEF9DCCA14C}.Release|Any CPU.Build.0 = Release|Any CPU
		{6FD2CCD7-9361-4ED9-B478-4BEF9DCCA14C}.Release|x64.ActiveCfg = Release|Any CPU
		{6FD2CCD7-9361-4ED9-B478-4BEF9DCCA14C}.Release|x64.Build.0 = Release|Any CPU
		{6FD2CCD7-9361-4ED9-B478-4BEF9DCCA14C}.Release|x86.ActiveCfg = Release|Any CPU
		{6FD2CCD7-9361-4ED9-B478-4BEF9DCCA14C}.Release|x86.Build.0 = Release|Any CPU
		{EEEEC848-A490-4D94-934E-43495444B016}.Debug|Any CPU.ActiveCfg = Debug|Any CPU
		{EEEEC848-A490-4D94-934E-43495444B016}.Debug|Any CPU.Build.0 = Debug|Any CPU
		{EEEEC848-A490-4D94-934E-43495444B016}.Debug|x64.ActiveCfg = Debug|Any CPU
		{EEEEC848-A490-4D94-934E-43495444B016}.Debug|x64.Build.0 = Debug|Any CPU
		{EEEEC848-A490-4D94-934E-43495444B016}.Debug|x86.ActiveCfg = Debug|Any CPU
		{EEEEC848-A490-4D94-934E-43495444B016}.Debug|x86.Build.0 = Debug|Any CPU
		{EEEEC848-A490-4D94-934E-43495444B016}.Release|Any CPU.ActiveCfg = Release|Any CPU
		{EEEEC848-A490-4D94-934E-43495444B016}.Release|Any CPU.Build.0 = Release|Any CPU
		{EEEEC848-A490-4D94-934E-43495444B016}.Release|x64.ActiveCfg = Release|Any CPU
		{EEEEC848-A490-4D94-934E-43495444B016}.Release|x64.Build.0 = Release|Any CPU
		{EEEEC848-A490-4D94-934E-43495444B016}.Release|x86.ActiveCfg = Release|Any CPU
		{EEEEC848-A490-4D94-934E-43495444B016}.Release|x86.Build.0 = Release|Any CPU
		{4B22BEDB-7D0C-45CA-ADF5-016B5E3229CA}.Debug|Any CPU.ActiveCfg = Debug|Any CPU
		{4B22BEDB-7D0C-45CA-ADF5-016B5E3229CA}.Debug|Any CPU.Build.0 = Debug|Any CPU
		{4B22BEDB-7D0C-45CA-ADF5-016B5E3229CA}.Debug|x64.ActiveCfg = Debug|Any CPU
		{4B22BEDB-7D0C-45CA-ADF5-016B5E3229CA}.Debug|x64.Build.0 = Debug|Any CPU
		{4B22BEDB-7D0C-45CA-ADF5-016B5E3229CA}.Debug|x86.ActiveCfg = Debug|Any CPU
		{4B22BEDB-7D0C-45CA-ADF5-016B5E3229CA}.Debug|x86.Build.0 = Debug|Any CPU
		{4B22BEDB-7D0C-45CA-ADF5-016B5E3229CA}.Release|Any CPU.ActiveCfg = Release|Any CPU
		{4B22BEDB-7D0C-45CA-ADF5-016B5E3229CA}.Release|Any CPU.Build.0 = Release|Any CPU
		{4B22BEDB-7D0C-45CA-ADF5-016B5E3229CA}.Release|x64.ActiveCfg = Release|Any CPU
		{4B22BEDB-7D0C-45CA-ADF5-016B5E3229CA}.Release|x64.Build.0 = Release|Any CPU
		{4B22BEDB-7D0C-45CA-ADF5-016B5E3229CA}.Release|x86.ActiveCfg = Release|Any CPU
		{4B22BEDB-7D0C-45CA-ADF5-016B5E3229CA}.Release|x86.Build.0 = Release|Any CPU
		{DDC5C795-E650-4A7D-9020-C4EB99C32600}.Debug|Any CPU.ActiveCfg = Debug|Any CPU
		{DDC5C795-E650-4A7D-9020-C4EB99C32600}.Debug|Any CPU.Build.0 = Debug|Any CPU
		{DDC5C795-E650-4A7D-9020-C4EB99C32600}.Debug|x64.ActiveCfg = Debug|Any CPU
		{DDC5C795-E650-4A7D-9020-C4EB99C32600}.Debug|x64.Build.0 = Debug|Any CPU
		{DDC5C795-E650-4A7D-9020-C4EB99C32600}.Debug|x86.ActiveCfg = Debug|Any CPU
		{DDC5C795-E650-4A7D-9020-C4EB99C32600}.Debug|x86.Build.0 = Debug|Any CPU
		{DDC5C795-E650-4A7D-9020-C4EB99C32600}.Release|Any CPU.ActiveCfg = Release|Any CPU
		{DDC5C795-E650-4A7D-9020-C4EB99C32600}.Release|Any CPU.Build.0 = Release|Any CPU
		{DDC5C795-E650-4A7D-9020-C4EB99C32600}.Release|x64.ActiveCfg = Release|Any CPU
		{DDC5C795-E650-4A7D-9020-C4EB99C32600}.Release|x64.Build.0 = Release|Any CPU
		{DDC5C795-E650-4A7D-9020-C4EB99C32600}.Release|x86.ActiveCfg = Release|Any CPU
		{DDC5C795-E650-4A7D-9020-C4EB99C32600}.Release|x86.Build.0 = Release|Any CPU
		{64754817-47FB-4E0F-BA12-8B7B21855A2C}.Debug|Any CPU.ActiveCfg = Debug|Any CPU
		{64754817-47FB-4E0F-BA12-8B7B21855A2C}.Debug|Any CPU.Build.0 = Debug|Any CPU
		{64754817-47FB-4E0F-BA12-8B7B21855A2C}.Debug|x64.ActiveCfg = Debug|Any CPU
		{64754817-47FB-4E0F-BA12-8B7B21855A2C}.Debug|x64.Build.0 = Debug|Any CPU
		{64754817-47FB-4E0F-BA12-8B7B21855A2C}.Debug|x86.ActiveCfg = Debug|Any CPU
		{64754817-47FB-4E0F-BA12-8B7B21855A2C}.Debug|x86.Build.0 = Debug|Any CPU
		{64754817-47FB-4E0F-BA12-8B7B21855A2C}.Release|Any CPU.ActiveCfg = Release|Any CPU
		{64754817-47FB-4E0F-BA12-8B7B21855A2C}.Release|Any CPU.Build.0 = Release|Any CPU
		{64754817-47FB-4E0F-BA12-8B7B21855A2C}.Release|x64.ActiveCfg = Release|Any CPU
		{64754817-47FB-4E0F-BA12-8B7B21855A2C}.Release|x64.Build.0 = Release|Any CPU
		{64754817-47FB-4E0F-BA12-8B7B21855A2C}.Release|x86.ActiveCfg = Release|Any CPU
		{64754817-47FB-4E0F-BA12-8B7B21855A2C}.Release|x86.Build.0 = Release|Any CPU
		{CA2547DE-1020-4DCC-B0D0-AB336B5293DC}.Debug|Any CPU.ActiveCfg = Debug|Any CPU
		{CA2547DE-1020-4DCC-B0D0-AB336B5293DC}.Debug|Any CPU.Build.0 = Debug|Any CPU
		{CA2547DE-1020-4DCC-B0D0-AB336B5293DC}.Debug|x64.ActiveCfg = Debug|Any CPU
		{CA2547DE-1020-4DCC-B0D0-AB336B5293DC}.Debug|x64.Build.0 = Debug|Any CPU
		{CA2547DE-1020-4DCC-B0D0-AB336B5293DC}.Debug|x86.ActiveCfg = Debug|Any CPU
		{CA2547DE-1020-4DCC-B0D0-AB336B5293DC}.Debug|x86.Build.0 = Debug|Any CPU
		{CA2547DE-1020-4DCC-B0D0-AB336B5293DC}.Release|Any CPU.ActiveCfg = Release|Any CPU
		{CA2547DE-1020-4DCC-B0D0-AB336B5293DC}.Release|Any CPU.Build.0 = Release|Any CPU
		{CA2547DE-1020-4DCC-B0D0-AB336B5293DC}.Release|x64.ActiveCfg = Release|Any CPU
		{CA2547DE-1020-4DCC-B0D0-AB336B5293DC}.Release|x64.Build.0 = Release|Any CPU
		{CA2547DE-1020-4DCC-B0D0-AB336B5293DC}.Release|x86.ActiveCfg = Release|Any CPU
		{CA2547DE-1020-4DCC-B0D0-AB336B5293DC}.Release|x86.Build.0 = Release|Any CPU
	EndGlobalSection
	GlobalSection(SolutionProperties) = preSolution
		HideSolutionNode = FALSE
	EndGlobalSection
	GlobalSection(NestedProjects) = preSolution
		{CC8AD9C7-D7A4-44F1-BA00-07DD5E661B27} = {827E0CD3-B72D-47B6-A68D-7590B98EB39B}
		{6FD2CCD7-9361-4ED9-B478-4BEF9DCCA14C} = {827E0CD3-B72D-47B6-A68D-7590B98EB39B}
		{EEEEC848-A490-4D94-934E-43495444B016} = {827E0CD3-B72D-47B6-A68D-7590B98EB39B}
		{4B22BEDB-7D0C-45CA-ADF5-016B5E3229CA} = {827E0CD3-B72D-47B6-A68D-7590B98EB39B}
		{DDC5C795-E650-4A7D-9020-C4EB99C32600} = {827E0CD3-B72D-47B6-A68D-7590B98EB39B}
		{64754817-47FB-4E0F-BA12-8B7B21855A2C} = {827E0CD3-B72D-47B6-A68D-7590B98EB39B}
		{CA2547DE-1020-4DCC-B0D0-AB336B5293DC} = {0AB3BF05-4346-4AA6-1389-037BE0695223}
	EndGlobalSection
EndGlobal
